
Microsoft Visual Studio Solution File, Format Version 12.00
# Visual Studio Version 16
VisualStudioVersion = 16.0.31702.278
MinimumVisualStudioVersion = 10.0.40219.1
Project("{FAE04EC0-301F-11D3-BF4B-00C04F79EFBC}") = "4-9 Forma", "4-9 Forma.csproj", "{8BA68D41-EE72-4686-A546-9A7C715377EE}"
EndProject
Global
	GlobalSection(SolutionConfigurationPlatforms) = preSolution
		Debug|Any CPU = Debug|Any CPU
		Release|Any CPU = Release|Any CPU
	EndGlobalSection
	GlobalSection(ProjectConfigurationPlatforms) = postSolution
		{8BA68D41-EE72-4686-A546-9A7C715377EE}.Debug|Any CPU.ActiveCfg = Debug|Any CPU
		{8BA68D41-EE72-4686-A546-9A7C715377EE}.Debug|Any CPU.Build.0 = Debug|Any CPU
		{8BA68D41-EE72-4686-A546-9A7C715377EE}.Release|Any CPU.ActiveCfg = Release|Any CPU
		{8BA68D41-EE72-4686-A546-9A7C715377EE}.Release|Any CPU.Build.0 = Release|Any CPU
	EndGlobalSection
	GlobalSection(SolutionProperties) = preSolution
		HideSolutionNode = FALSE
	EndGlobalSection
	GlobalSection(ExtensibilityGlobals) = postSolution
		SolutionGuid = {CB9E37C6-C841-4C6B-B40E-BCC712678AC0}
	EndGlobalSection
EndGlobal
